
Microsoft Visual Studio Solution File, Format Version 12.00
# Visual Studio Version 17
VisualStudioVersion = 17.5.33530.505
MinimumVisualStudioVersion = 10.0.40219.1
Project("{FAE04EC0-301F-11D3-BF4B-00C04F79EFBC}") = "RealCalculator", "RealCalculator\RealCalculator.csproj", "{C1683B71-A0D4-41A6-9ED0-C8694D6765D1}"
EndProject
Project("{FAE04EC0-301F-11D3-BF4B-00C04F79EFBC}") = "AverageNumber", "AverageNumber\AverageNumber.csproj", "{2D83B82C-06AF-4F43-91AB-953E436DF21F}"
EndProject
Project("{FAE04EC0-301F-11D3-BF4B-00C04F79EFBC}") = "SwapNumbers", "SwapNumbers\SwapNumbers.csproj", "{B586A542-8982-45A2-9A1A-7BDB2F2A0CE2}"
EndProject
Global
	GlobalSection(SolutionConfigurationPlatforms) = preSolution
		Debug|Any CPU = Debug|Any CPU
		Release|Any CPU = Release|Any CPU
	EndGlobalSection
	GlobalSection(ProjectConfigurationPlatforms) = postSolution
		{C1683B71-A0D4-41A6-9ED0-C8694D6765D1}.Debug|Any CPU.ActiveCfg = Debug|Any CPU
		{C1683B71-A0D4-41A6-9ED0-C8694D6765D1}.Debug|Any CPU.Build.0 = Debug|Any CPU
		{C1683B71-A0D4-41A6-9ED0-C8694D6765D1}.Release|Any CPU.ActiveCfg = Release|Any CPU
		{C1683B71-A0D4-41A6-9ED0-C8694D6765D1}.Release|Any CPU.Build.0 = Release|Any CPU
		{2D83B82C-06AF-4F43-91AB-953E436DF21F}.Debug|Any CPU.ActiveCfg = Debug|Any CPU
		{2D83B82C-06AF-4F43-91AB-953E436DF21F}.Debug|Any CPU.Build.0 = Debug|Any CPU
		{2D83B82C-06AF-4F43-91AB-953E436DF21F}.Release|Any CPU.ActiveCfg = Release|Any CPU
		{2D83B82C-06AF-4F43-91AB-953E436DF21F}.Release|Any CPU.Build.0 = Release|Any CPU
		{B586A542-8982-45A2-9A1A-7BDB2F2A0CE2}.Debug|Any CPU.ActiveCfg = Debug|Any CPU
		{B586A542-8982-45A2-9A1A-7BDB2F2A0CE2}.Debug|Any CPU.Build.0 = Debug|Any CPU
		{B586A542-8982-45A2-9A1A-7BDB2F2A0CE2}.Release|Any CPU.ActiveCfg = Release|Any CPU
		{B586A542-8982-45A2-9A1A-7BDB2F2A0CE2}.Release|Any CPU.Build.0 = Release|Any CPU
	EndGlobalSection
	GlobalSection(SolutionProperties) = preSolution
		HideSolutionNode = FALSE
	EndGlobalSection
	GlobalSection(ExtensibilityGlobals) = postSolution
		SolutionGuid = {416EF4F8-E71C-4779-9D35-1CE8017C9575}
	EndGlobalSection
EndGlobal
